// !$*UTF8*$!
{
	archiveVersion = 1;
	classes = {
	};
	objectVersion = 55;
	objects = {

/* Begin PBXBuildFile section */
		BF2FF02B2915848600DCEB34 /* GoogleService-Info.plist in Resources */ = {isa = PBXBuildFile; fileRef = BF2FF02A2915848500DCEB34 /* GoogleService-Info.plist */; };
		BF2FF02D2915A41D00DCEB34 /* ViewMovies.swift in Sources */ = {isa = PBXBuildFile; fileRef = BF2FF02C2915A41D00DCEB34 /* ViewMovies.swift */; };
		BF2FF0312915A45900DCEB34 /* InteractorMovies.swift in Sources */ = {isa = PBXBuildFile; fileRef = BF2FF0302915A45900DCEB34 /* InteractorMovies.swift */; };
		BF2FF0332915A48300DCEB34 /* PresenterMovies.swift in Sources */ = {isa = PBXBuildFile; fileRef = BF2FF0322915A48300DCEB34 /* PresenterMovies.swift */; };
		BF2FF0352915A4B300DCEB34 /* EntityMovies.swift in Sources */ = {isa = PBXBuildFile; fileRef = BF2FF0342915A4B300DCEB34 /* EntityMovies.swift */; };
		BF2FF0372915A4E600DCEB34 /* RouterMovies.swift in Sources */ = {isa = PBXBuildFile; fileRef = BF2FF0362915A4E600DCEB34 /* RouterMovies.swift */; };
		BF32D3152914BE28002A31C3 /* AppDelegate.swift in Sources */ = {isa = PBXBuildFile; fileRef = BF32D3142914BE28002A31C3 /* AppDelegate.swift */; };
		BF32D3172914BE28002A31C3 /* SceneDelegate.swift in Sources */ = {isa = PBXBuildFile; fileRef = BF32D3162914BE28002A31C3 /* SceneDelegate.swift */; };
		BF32D3192914BE28002A31C3 /* ViewController.swift in Sources */ = {isa = PBXBuildFile; fileRef = BF32D3182914BE28002A31C3 /* ViewController.swift */; };
		BF32D31F2914BE28002A31C3 /* theMovieDB.xcdatamodeld in Sources */ = {isa = PBXBuildFile; fileRef = BF32D31D2914BE28002A31C3 /* theMovieDB.xcdatamodeld */; };
		BF32D3212914BE2C002A31C3 /* Assets.xcassets in Resources */ = {isa = PBXBuildFile; fileRef = BF32D3202914BE2C002A31C3 /* Assets.xcassets */; };
		BF32D3242914BE2C002A31C3 /* LaunchScreen.storyboard in Resources */ = {isa = PBXBuildFile; fileRef = BF32D3222914BE2C002A31C3 /* LaunchScreen.storyboard */; };
		BF32D32F2914C071002A31C3 /* ViewLogin.swift in Sources */ = {isa = PBXBuildFile; fileRef = BF32D32E2914C071002A31C3 /* ViewLogin.swift */; };
		BF32D3312914C085002A31C3 /* InteractorLogin.swift in Sources */ = {isa = PBXBuildFile; fileRef = BF32D3302914C085002A31C3 /* InteractorLogin.swift */; };
		BF32D3332914C095002A31C3 /* PresenterLogin.swift in Sources */ = {isa = PBXBuildFile; fileRef = BF32D3322914C095002A31C3 /* PresenterLogin.swift */; };
		BF32D3352914C0AA002A31C3 /* EntityLogin.swift in Sources */ = {isa = PBXBuildFile; fileRef = BF32D3342914C0AA002A31C3 /* EntityLogin.swift */; };
		BF32D3372914C0C2002A31C3 /* RouterLogin.swift in Sources */ = {isa = PBXBuildFile; fileRef = BF32D3362914C0C2002A31C3 /* RouterLogin.swift */; };
		BF63EF462916C51E007F49BA /* CollectionViewCellMovies.swift in Sources */ = {isa = PBXBuildFile; fileRef = BF63EF452916C51E007F49BA /* CollectionViewCellMovies.swift */; };
		BF63EF4829177863007F49BA /* ViewDetalleMovie.swift in Sources */ = {isa = PBXBuildFile; fileRef = BF63EF4729177863007F49BA /* ViewDetalleMovie.swift */; };
		BF63EF4A2917788A007F49BA /* InteractorDetalleMovie.swift in Sources */ = {isa = PBXBuildFile; fileRef = BF63EF492917788A007F49BA /* InteractorDetalleMovie.swift */; };
		BF63EF4C291778A0007F49BA /* PresenterDetalleMovie.swift in Sources */ = {isa = PBXBuildFile; fileRef = BF63EF4B291778A0007F49BA /* PresenterDetalleMovie.swift */; };
		BF63EF4E291778CC007F49BA /* EntityDetalleMovie.swift in Sources */ = {isa = PBXBuildFile; fileRef = BF63EF4D291778CC007F49BA /* EntityDetalleMovie.swift */; };
		BF63EF50291778F4007F49BA /* RouterDetalleMovie.swift in Sources */ = {isa = PBXBuildFile; fileRef = BF63EF4F291778F4007F49BA /* RouterDetalleMovie.swift */; };
		BF84667029186DCD0002FA06 /* AppConstant.swift in Sources */ = {isa = PBXBuildFile; fileRef = BF84666F29186DCD0002FA06 /* AppConstant.swift */; };
		BF846672291882BF0002FA06 /* CollectionViewCellCompanies.swift in Sources */ = {isa = PBXBuildFile; fileRef = BF846671291882BF0002FA06 /* CollectionViewCellCompanies.swift */; };
		BFA299942918AC8A004D4712 /* RouterProfile.swift in Sources */ = {isa = PBXBuildFile; fileRef = BFA299932918AC8A004D4712 /* RouterProfile.swift */; };
		BFA299962918AC9E004D4712 /* EntityProfile.swift in Sources */ = {isa = PBXBuildFile; fileRef = BFA299952918AC9E004D4712 /* EntityProfile.swift */; };
		BFA299982918ACB8004D4712 /* PresentProfile.swift in Sources */ = {isa = PBXBuildFile; fileRef = BFA299972918ACB8004D4712 /* PresentProfile.swift */; };
		BFA2999A2918ACCC004D4712 /* InteractorProfile.swift in Sources */ = {isa = PBXBuildFile; fileRef = BFA299992918ACCC004D4712 /* InteractorProfile.swift */; };
		BFA2999C2918ACEB004D4712 /* ViewProfile.swift in Sources */ = {isa = PBXBuildFile; fileRef = BFA2999B2918ACEB004D4712 /* ViewProfile.swift */; };
		F902B2D1F9D83239ABCCFA55 /* Pods_theMovieDB.framework in Frameworks */ = {isa = PBXBuildFile; fileRef = 03A488F7CE449E5667B04527 /* Pods_theMovieDB.framework */; };
/* End PBXBuildFile section */

/* Begin PBXFileReference section */
		03A488F7CE449E5667B04527 /* Pods_theMovieDB.framework */ = {isa = PBXFileReference; explicitFileType = wrapper.framework; includeInIndex = 0; path = Pods_theMovieDB.framework; sourceTree = BUILT_PRODUCTS_DIR; };
		105558972938D9D2F279C85C /* Pods-theMovieDB.debug.xcconfig */ = {isa = PBXFileReference; includeInIndex = 1; lastKnownFileType = text.xcconfig; name = "Pods-theMovieDB.debug.xcconfig"; path = "Target Support Files/Pods-theMovieDB/Pods-theMovieDB.debug.xcconfig"; sourceTree = "<group>"; };
		BF2FF02A2915848500DCEB34 /* GoogleService-Info.plist */ = {isa = PBXFileReference; fileEncoding = 4; lastKnownFileType = text.plist.xml; name = "GoogleService-Info.plist"; path = "../../../../../Downloads/GoogleService-Info.plist"; sourceTree = "<group>"; };
		BF2FF02C2915A41D00DCEB34 /* ViewMovies.swift */ = {isa = PBXFileReference; lastKnownFileType = sourcecode.swift; path = ViewMovies.swift; sourceTree = "<group>"; };
		BF2FF0302915A45900DCEB34 /* InteractorMovies.swift */ = {isa = PBXFileReference; lastKnownFileType = sourcecode.swift; path = InteractorMovies.swift; sourceTree = "<group>"; };
		BF2FF0322915A48300DCEB34 /* PresenterMovies.swift */ = {isa = PBXFileReference; lastKnownFileType = sourcecode.swift; path = PresenterMovies.swift; sourceTree = "<group>"; };
		BF2FF0342915A4B300DCEB34 /* EntityMovies.swift */ = {isa = PBXFileReference; lastKnownFileType = sourcecode.swift; path = EntityMovies.swift; sourceTree = "<group>"; };
		BF2FF0362915A4E600DCEB34 /* RouterMovies.swift */ = {isa = PBXFileReference; lastKnownFileType = sourcecode.swift; path = RouterMovies.swift; sourceTree = "<group>"; };
		BF32D3112914BE28002A31C3 /* theMovieDB.app */ = {isa = PBXFileReference; explicitFileType = wrapper.application; includeInIndex = 0; path = theMovieDB.app; sourceTree = BUILT_PRODUCTS_DIR; };
		BF32D3142914BE28002A31C3 /* AppDelegate.swift */ = {isa = PBXFileReference; lastKnownFileType = sourcecode.swift; path = AppDelegate.swift; sourceTree = "<group>"; };
		BF32D3162914BE28002A31C3 /* SceneDelegate.swift */ = {isa = PBXFileReference; lastKnownFileType = sourcecode.swift; path = SceneDelegate.swift; sourceTree = "<group>"; };
		BF32D3182914BE28002A31C3 /* ViewController.swift */ = {isa = PBXFileReference; lastKnownFileType = sourcecode.swift; path = ViewController.swift; sourceTree = "<group>"; };
		BF32D31E2914BE28002A31C3 /* theMovieDB.xcdatamodel */ = {isa = PBXFileReference; lastKnownFileType = wrapper.xcdatamodel; path = theMovieDB.xcdatamodel; sourceTree = "<group>"; };
		BF32D3202914BE2C002A31C3 /* Assets.xcassets */ = {isa = PBXFileReference; lastKnownFileType = folder.assetcatalog; path = Assets.xcassets; sourceTree = "<group>"; };
		BF32D3232914BE2C002A31C3 /* Base */ = {isa = PBXFileReference; lastKnownFileType = file.storyboard; name = Base; path = Base.lproj/LaunchScreen.storyboard; sourceTree = "<group>"; };
		BF32D3252914BE2C002A31C3 /* Info.plist */ = {isa = PBXFileReference; lastKnownFileType = text.plist.xml; path = Info.plist; sourceTree = "<group>"; };
		BF32D32E2914C071002A31C3 /* ViewLogin.swift */ = {isa = PBXFileReference; lastKnownFileType = sourcecode.swift; path = ViewLogin.swift; sourceTree = "<group>"; };
		BF32D3302914C085002A31C3 /* InteractorLogin.swift */ = {isa = PBXFileReference; lastKnownFileType = sourcecode.swift; path = InteractorLogin.swift; sourceTree = "<group>"; };
		BF32D3322914C095002A31C3 /* PresenterLogin.swift */ = {isa = PBXFileReference; lastKnownFileType = sourcecode.swift; path = PresenterLogin.swift; sourceTree = "<group>"; };
		BF32D3342914C0AA002A31C3 /* EntityLogin.swift */ = {isa = PBXFileReference; lastKnownFileType = sourcecode.swift; path = EntityLogin.swift; sourceTree = "<group>"; };
		BF32D3362914C0C2002A31C3 /* RouterLogin.swift */ = {isa = PBXFileReference; lastKnownFileType = sourcecode.swift; path = RouterLogin.swift; sourceTree = "<group>"; };
		BF63EF452916C51E007F49BA /* CollectionViewCellMovies.swift */ = {isa = PBXFileReference; lastKnownFileType = sourcecode.swift; path = CollectionViewCellMovies.swift; sourceTree = "<group>"; };
		BF63EF4729177863007F49BA /* ViewDetalleMovie.swift */ = {isa = PBXFileReference; lastKnownFileType = sourcecode.swift; path = ViewDetalleMovie.swift; sourceTree = "<group>"; };
		BF63EF492917788A007F49BA /* InteractorDetalleMovie.swift */ = {isa = PBXFileReference; lastKnownFileType = sourcecode.swift; path = InteractorDetalleMovie.swift; sourceTree = "<group>"; };
		BF63EF4B291778A0007F49BA /* PresenterDetalleMovie.swift */ = {isa = PBXFileReference; lastKnownFileType = sourcecode.swift; path = PresenterDetalleMovie.swift; sourceTree = "<group>"; };
		BF63EF4D291778CC007F49BA /* EntityDetalleMovie.swift */ = {isa = PBXFileReference; lastKnownFileType = sourcecode.swift; path = EntityDetalleMovie.swift; sourceTree = "<group>"; };
		BF63EF4F291778F4007F49BA /* RouterDetalleMovie.swift */ = {isa = PBXFileReference; lastKnownFileType = sourcecode.swift; path = RouterDetalleMovie.swift; sourceTree = "<group>"; };
		BF84666F29186DCD0002FA06 /* AppConstant.swift */ = {isa = PBXFileReference; lastKnownFileType = sourcecode.swift; path = AppConstant.swift; sourceTree = "<group>"; };
		BF846671291882BF0002FA06 /* CollectionViewCellCompanies.swift */ = {isa = PBXFileReference; lastKnownFileType = sourcecode.swift; path = CollectionViewCellCompanies.swift; sourceTree = "<group>"; };
		BFA299932918AC8A004D4712 /* RouterProfile.swift */ = {isa = PBXFileReference; lastKnownFileType = sourcecode.swift; path = RouterProfile.swift; sourceTree = "<group>"; };
		BFA299952918AC9E004D4712 /* EntityProfile.swift */ = {isa = PBXFileReference; lastKnownFileType = sourcecode.swift; path = EntityProfile.swift; sourceTree = "<group>"; };
		BFA299972918ACB8004D4712 /* PresentProfile.swift */ = {isa = PBXFileReference; lastKnownFileType = sourcecode.swift; path = PresentProfile.swift; sourceTree = "<group>"; };
		BFA299992918ACCC004D4712 /* InteractorProfile.swift */ = {isa = PBXFileReference; lastKnownFileType = sourcecode.swift; path = InteractorProfile.swift; sourceTree = "<group>"; };
		BFA2999B2918ACEB004D4712 /* ViewProfile.swift */ = {isa = PBXFileReference; lastKnownFileType = sourcecode.swift; path = ViewProfile.swift; sourceTree = "<group>"; };
		D2F0A4C9C0DE8E43E628107E /* Pods-theMovieDB.release.xcconfig */ = {isa = PBXFileReference; includeInIndex = 1; lastKnownFileType = text.xcconfig; name = "Pods-theMovieDB.release.xcconfig"; path = "Target Support Files/Pods-theMovieDB/Pods-theMovieDB.release.xcconfig"; sourceTree = "<group>"; };
/* End PBXFileReference section */

/* Begin PBXFrameworksBuildPhase section */
		BF32D30E2914BE28002A31C3 /* Frameworks */ = {
			isa = PBXFrameworksBuildPhase;
			buildActionMask = 2147483647;
			files = (
				F902B2D1F9D83239ABCCFA55 /* Pods_theMovieDB.framework in Frameworks */,
			);
			runOnlyForDeploymentPostprocessing = 0;
		};
/* End PBXFrameworksBuildPhase section */

/* Begin PBXGroup section */
		353C5AB565C43A6524C5B6B7 /* Frameworks */ = {
			isa = PBXGroup;
			children = (
				03A488F7CE449E5667B04527 /* Pods_theMovieDB.framework */,
			);
			name = Frameworks;
			sourceTree = "<group>";
		};
		BF32D3082914BE28002A31C3 = {
			isa = PBXGroup;
			children = (
				BF32D3132914BE28002A31C3 /* theMovieDB */,
				BF32D3122914BE28002A31C3 /* Products */,
				D33EEA9EEC157E8BE8AB9443 /* Pods */,
				353C5AB565C43A6524C5B6B7 /* Frameworks */,
			);
			sourceTree = "<group>";
		};
		BF32D3122914BE28002A31C3 /* Products */ = {
			isa = PBXGroup;
			children = (
				BF32D3112914BE28002A31C3 /* theMovieDB.app */,
			);
			name = Products;
			sourceTree = "<group>";
		};
		BF32D3132914BE28002A31C3 /* theMovieDB */ = {
			isa = PBXGroup;
			children = (
				BF84666E29186DA10002FA06 /* Constant */,
				BFA299922918AC1A004D4712 /* Profile */,
				BF32D32D2914C03E002A31C3 /* DetalleMovie */,
				BF32D32C2914C011002A31C3 /* Movies */,
				BF32D32B2914BFEB002A31C3 /* Login */,
				BF32D3142914BE28002A31C3 /* AppDelegate.swift */,
				BF32D3162914BE28002A31C3 /* SceneDelegate.swift */,
				BF32D3182914BE28002A31C3 /* ViewController.swift */,
				BF32D3202914BE2C002A31C3 /* Assets.xcassets */,
				BF32D3222914BE2C002A31C3 /* LaunchScreen.storyboard */,
				BF32D3252914BE2C002A31C3 /* Info.plist */,
				BF2FF02A2915848500DCEB34 /* GoogleService-Info.plist */,
				BF32D31D2914BE28002A31C3 /* theMovieDB.xcdatamodeld */,
			);
			path = theMovieDB;
			sourceTree = "<group>";
		};
		BF32D32B2914BFEB002A31C3 /* Login */ = {
			isa = PBXGroup;
			children = (
				BF32D32E2914C071002A31C3 /* ViewLogin.swift */,
				BF32D3302914C085002A31C3 /* InteractorLogin.swift */,
				BF32D3322914C095002A31C3 /* PresenterLogin.swift */,
				BF32D3342914C0AA002A31C3 /* EntityLogin.swift */,
				BF32D3362914C0C2002A31C3 /* RouterLogin.swift */,
			);
			path = Login;
			sourceTree = "<group>";
		};
		BF32D32C2914C011002A31C3 /* Movies */ = {
			isa = PBXGroup;
			children = (
				BF2FF02C2915A41D00DCEB34 /* ViewMovies.swift */,
				BF2FF0302915A45900DCEB34 /* InteractorMovies.swift */,
				BF2FF0322915A48300DCEB34 /* PresenterMovies.swift */,
				BF2FF0342915A4B300DCEB34 /* EntityMovies.swift */,
				BF2FF0362915A4E600DCEB34 /* RouterMovies.swift */,
				BF63EF452916C51E007F49BA /* CollectionViewCellMovies.swift */,
			);
			path = Movies;
			sourceTree = "<group>";
		};
		BF32D32D2914C03E002A31C3 /* DetalleMovie */ = {
			isa = PBXGroup;
			children = (
				BF63EF4729177863007F49BA /* ViewDetalleMovie.swift */,
				BF63EF492917788A007F49BA /* InteractorDetalleMovie.swift */,
				BF63EF4B291778A0007F49BA /* PresenterDetalleMovie.swift */,
				BF63EF4D291778CC007F49BA /* EntityDetalleMovie.swift */,
				BF63EF4F291778F4007F49BA /* RouterDetalleMovie.swift */,
				BF846671291882BF0002FA06 /* CollectionViewCellCompanies.swift */,
			);
			path = DetalleMovie;
			sourceTree = "<group>";
		};
		BF84666E29186DA10002FA06 /* Constant */ = {
			isa = PBXGroup;
			children = (
				BF84666F29186DCD0002FA06 /* AppConstant.swift */,
			);
			path = Constant;
			sourceTree = "<group>";
		};
		BFA299922918AC1A004D4712 /* Profile */ = {
			isa = PBXGroup;
			children = (
				BFA299932918AC8A004D4712 /* RouterProfile.swift */,
				BFA299952918AC9E004D4712 /* EntityProfile.swift */,
				BFA299972918ACB8004D4712 /* PresentProfile.swift */,
				BFA299992918ACCC004D4712 /* InteractorProfile.swift */,
				BFA2999B2918ACEB004D4712 /* ViewProfile.swift */,
			);
			path = Profile;
			sourceTree = "<group>";
		};
		D33EEA9EEC157E8BE8AB9443 /* Pods */ = {
			isa = PBXGroup;
			children = (
				105558972938D9D2F279C85C /* Pods-theMovieDB.debug.xcconfig */,
				D2F0A4C9C0DE8E43E628107E /* Pods-theMovieDB.release.xcconfig */,
			);
			path = Pods;
			sourceTree = "<group>";
		};
/* End PBXGroup section */

/* Begin PBXNativeTarget section */
		BF32D3102914BE28002A31C3 /* theMovieDB */ = {
			isa = PBXNativeTarget;
			buildConfigurationList = BF32D3282914BE2C002A31C3 /* Build configuration list for PBXNativeTarget "theMovieDB" */;
			buildPhases = (
				5E3C585A5F5B37972051D7FE /* [CP] Check Pods Manifest.lock */,
				BF32D30D2914BE28002A31C3 /* Sources */,
				BF32D30E2914BE28002A31C3 /* Frameworks */,
				BF32D30F2914BE28002A31C3 /* Resources */,
				011DF34574DA4FDCB0EADBDE /* [CP] Embed Pods Frameworks */,
			);
			buildRules = (
			);
			dependencies = (
			);
			name = theMovieDB;
			productName = theMovieDB;
			productReference = BF32D3112914BE28002A31C3 /* theMovieDB.app */;
			productType = "com.apple.product-type.application";
		};
/* End PBXNativeTarget section */

/* Begin PBXProject section */
		BF32D3092914BE28002A31C3 /* Project object */ = {
			isa = PBXProject;
			attributes = {
				BuildIndependentTargetsInParallel = 1;
				LastSwiftUpdateCheck = 1410;
				LastUpgradeCheck = 1410;
				TargetAttributes = {
					BF32D3102914BE28002A31C3 = {
						CreatedOnToolsVersion = 14.1;
					};
				};
			};
			buildConfigurationList = BF32D30C2914BE28002A31C3 /* Build configuration list for PBXProject "theMovieDB" */;
			compatibilityVersion = "Xcode 13.0";
			developmentRegion = en;
			hasScannedForEncodings = 0;
			knownRegions = (
				en,
				Base,
			);
			mainGroup = BF32D3082914BE28002A31C3;
			productRefGroup = BF32D3122914BE28002A31C3 /* Products */;
			projectDirPath = "";
			projectRoot = "";
			targets = (
				BF32D3102914BE28002A31C3 /* theMovieDB */,
			);
		};
/* End PBXProject section */

/* Begin PBXResourcesBuildPhase section */
		BF32D30F2914BE28002A31C3 /* Resources */ = {
			isa = PBXResourcesBuildPhase;
			buildActionMask = 2147483647;
			files = (
				BF32D3242914BE2C002A31C3 /* LaunchScreen.storyboard in Resources */,
				BF32D3212914BE2C002A31C3 /* Assets.xcassets in Resources */,
				BF2FF02B2915848600DCEB34 /* GoogleService-Info.plist in Resources */,
			);
			runOnlyForDeploymentPostprocessing = 0;
		};
/* End PBXResourcesBuildPhase section */

/* Begin PBXShellScriptBuildPhase section */
		011DF34574DA4FDCB0EADBDE /* [CP] Embed Pods Frameworks */ = {
			isa = PBXShellScriptBuildPhase;
			buildActionMask = 2147483647;
			files = (
			);
			inputFileListPaths = (
				"${PODS_ROOT}/Target Support Files/Pods-theMovieDB/Pods-theMovieDB-frameworks-${CONFIGURATION}-input-files.xcfilelist",
			);
			name = "[CP] Embed Pods Frameworks";
			outputFileListPaths = (
				"${PODS_ROOT}/Target Support Files/Pods-theMovieDB/Pods-theMovieDB-frameworks-${CONFIGURATION}-output-files.xcfilelist",
			);
			runOnlyForDeploymentPostprocessing = 0;
			shellPath = /bin/sh;
			shellScript = "\"${PODS_ROOT}/Target Support Files/Pods-theMovieDB/Pods-theMovieDB-frameworks.sh\"\n";
			showEnvVarsInLog = 0;
		};
		5E3C585A5F5B37972051D7FE /* [CP] Check Pods Manifest.lock */ = {
			isa = PBXShellScriptBuildPhase;
			buildActionMask = 2147483647;
			files = (
			);
			inputFileListPaths = (
			);
			inputPaths = (
				"${PODS_PODFILE_DIR_PATH}/Podfile.lock",
				"${PODS_ROOT}/Manifest.lock",
			);
			name = "[CP] Check Pods Manifest.lock";
			outputFileListPaths = (
			);
			outputPaths = (
				"$(DERIVED_FILE_DIR)/Pods-theMovieDB-checkManifestLockResult.txt",
			);
			runOnlyForDeploymentPostprocessing = 0;
			shellPath = /bin/sh;
			shellScript = "diff \"${PODS_PODFILE_DIR_PATH}/Podfile.lock\" \"${PODS_ROOT}/Manifest.lock\" > /dev/null\nif [ $? != 0 ] ; then\n    # print error to STDERR\n    echo \"error: The sandbox is not in sync with the Podfile.lock. Run 'pod install' or update your CocoaPods installation.\" >&2\n    exit 1\nfi\n# This output is used by Xcode 'outputs' to avoid re-running this script phase.\necho \"SUCCESS\" > \"${SCRIPT_OUTPUT_FILE_0}\"\n";
			showEnvVarsInLog = 0;
		};
/* End PBXShellScriptBuildPhase section */

/* Begin PBXSourcesBuildPhase section */
		BF32D30D2914BE28002A31C3 /* Sources */ = {
			isa = PBXSourcesBuildPhase;
			buildActionMask = 2147483647;
			files = (
				BF32D3312914C085002A31C3 /* InteractorLogin.swift in Sources */,
				BF63EF4C291778A0007F49BA /* PresenterDetalleMovie.swift in Sources */,
				BF32D3192914BE28002A31C3 /* ViewController.swift in Sources */,
				BF63EF50291778F4007F49BA /* RouterDetalleMovie.swift in Sources */,
				BFA299962918AC9E004D4712 /* EntityProfile.swift in Sources */,
				BF32D3352914C0AA002A31C3 /* EntityLogin.swift in Sources */,
				BFA299942918AC8A004D4712 /* RouterProfile.swift in Sources */,
				BF32D3152914BE28002A31C3 /* AppDelegate.swift in Sources */,
				BF32D32F2914C071002A31C3 /* ViewLogin.swift in Sources */,
				BF2FF0352915A4B300DCEB34 /* EntityMovies.swift in Sources */,
				BF32D31F2914BE28002A31C3 /* theMovieDB.xcdatamodeld in Sources */,
				BF84667029186DCD0002FA06 /* AppConstant.swift in Sources */,
				BFA2999A2918ACCC004D4712 /* InteractorProfile.swift in Sources */,
				BF63EF4829177863007F49BA /* ViewDetalleMovie.swift in Sources */,
				BF32D3172914BE28002A31C3 /* SceneDelegate.swift in Sources */,
				BFA299982918ACB8004D4712 /* PresentProfile.swift in Sources */,
				BF63EF462916C51E007F49BA /* CollectionViewCellMovies.swift in Sources */,
				BFA2999C2918ACEB004D4712 /* ViewProfile.swift in Sources */,
				BF63EF4A2917788A007F49BA /* InteractorDetalleMovie.swift in Sources */,
				BF2FF0312915A45900DCEB34 /* InteractorMovies.swift in Sources */,
				BF2FF02D2915A41D00DCEB34 /* ViewMovies.swift in Sources */,
				BF846672291882BF0002FA06 /* CollectionViewCellCompanies.swift in Sources */,
				BF63EF4E291778CC007F49BA /* EntityDetalleMovie.swift in Sources */,
				BF32D3332914C095002A31C3 /* PresenterLogin.swift in Sources */,
				BF2FF0372915A4E600DCEB34 /* RouterMovies.swift in Sources */,
				BF32D3372914C0C2002A31C3 /* RouterLogin.swift in Sources */,
				BF2FF0332915A48300DCEB34 /* PresenterMovies.swift in Sources */,
			);
			runOnlyForDeploymentPostprocessing = 0;
		};
/* End PBXSourcesBuildPhase section */

/* Begin PBXVariantGroup section */
		BF32D3222914BE2C002A31C3 /* LaunchScreen.storyboard */ = {
			isa = PBXVariantGroup;
			children = (
				BF32D3232914BE2C002A31C3 /* Base */,
			);
			name = LaunchScreen.storyboard;
			sourceTree = "<group>";
		};
/* End PBXVariantGroup section */

/* Begin XCBuildConfiguration section */
		BF32D3262914BE2C002A31C3 /* Debug */ = {
			isa = XCBuildConfiguration;
			buildSettings = {
				ALWAYS_SEARCH_USER_PATHS = NO;
				CLANG_ANALYZER_NONNULL = YES;
				CLANG_ANALYZER_NUMBER_OBJECT_CONVERSION = YES_AGGRESSIVE;
				CLANG_CXX_LANGUAGE_STANDARD = "gnu++20";
				CLANG_ENABLE_MODULES = YES;
				CLANG_ENABLE_OBJC_ARC = YES;
				CLANG_ENABLE_OBJC_WEAK = YES;
				CLANG_WARN_BLOCK_CAPTURE_AUTORELEASING = YES;
				CLANG_WARN_BOOL_CONVERSION = YES;
				CLANG_WARN_COMMA = YES;
				CLANG_WARN_CONSTANT_CONVERSION = YES;
				CLANG_WARN_DEPRECATED_OBJC_IMPLEMENTATIONS = YES;
				CLANG_WARN_DIRECT_OBJC_ISA_USAGE = YES_ERROR;
				CLANG_WARN_DOCUMENTATION_COMMENTS = YES;
				CLANG_WARN_EMPTY_BODY = YES;
				CLANG_WARN_ENUM_CONVERSION = YES;
				CLANG_WARN_INFINITE_RECURSION = YES;
				CLANG_WARN_INT_CONVERSION = YES;
				CLANG_WARN_NON_LITERAL_NULL_CONVERSION = YES;
				CLANG_WARN_OBJC_IMPLICIT_RETAIN_SELF = YES;
				CLANG_WARN_OBJC_LITERAL_CONVERSION = YES;
				CLANG_WARN_OBJC_ROOT_CLASS = YES_ERROR;
				CLANG_WARN_QUOTED_INCLUDE_IN_FRAMEWORK_HEADER = YES;
				CLANG_WARN_RANGE_LOOP_ANALYSIS = YES;
				CLANG_WARN_STRICT_PROTOTYPES = YES;
				CLANG_WARN_SUSPICIOUS_MOVE = YES;
				CLANG_WARN_UNGUARDED_AVAILABILITY = YES_AGGRESSIVE;
				CLANG_WARN_UNREACHABLE_CODE = YES;
				CLANG_WARN__DUPLICATE_METHOD_MATCH = YES;
				COPY_PHASE_STRIP = NO;
				DEBUG_INFORMATION_FORMAT = dwarf;
				ENABLE_STRICT_OBJC_MSGSEND = YES;
				ENABLE_TESTABILITY = YES;
				GCC_C_LANGUAGE_STANDARD = gnu11;
				GCC_DYNAMIC_NO_PIC = NO;
				GCC_NO_COMMON_BLOCKS = YES;
				GCC_OPTIMIZATION_LEVEL = 0;
				GCC_PREPROCESSOR_DEFINITIONS = (
					"DEBUG=1",
					"$(inherited)",
				);
				GCC_WARN_64_TO_32_BIT_CONVERSION = YES;
				GCC_WARN_ABOUT_RETURN_TYPE = YES_ERROR;
				GCC_WARN_UNDECLARED_SELECTOR = YES;
				GCC_WARN_UNINITIALIZED_AUTOS = YES_AGGRESSIVE;
				GCC_WARN_UNUSED_FUNCTION = YES;
				GCC_WARN_UNUSED_VARIABLE = YES;
				IPHONEOS_DEPLOYMENT_TARGET = 16.1;
				MTL_ENABLE_DEBUG_INFO = INCLUDE_SOURCE;
				MTL_FAST_MATH = YES;
				ONLY_ACTIVE_ARCH = YES;
				SDKROOT = iphoneos;
				SWIFT_ACTIVE_COMPILATION_CONDITIONS = DEBUG;
				SWIFT_OPTIMIZATION_LEVEL = "-Onone";
			};
			name = Debug;
		};
		BF32D3272914BE2C002A31C3 /* Release */ = {
			isa = XCBuildConfiguration;
			buildSettings = {
				ALWAYS_SEARCH_USER_PATHS = NO;
				CLANG_ANALYZER_NONNULL = YES;
				CLANG_ANALYZER_NUMBER_OBJECT_CONVERSION = YES_AGGRESSIVE;
				CLANG_CXX_LANGUAGE_STANDARD = "gnu++20";
				CLANG_ENABLE_MODULES = YES;
				CLANG_ENABLE_OBJC_ARC = YES;
				CLANG_ENABLE_OBJC_WEAK = YES;
				CLANG_WARN_BLOCK_CAPTURE_AUTORELEASING = YES;
				CLANG_WARN_BOOL_CONVERSION = YES;
				CLANG_WARN_COMMA = YES;
				CLANG_WARN_CONSTANT_CONVERSION = YES;
				CLANG_WARN_DEPRECATED_OBJC_IMPLEMENTATIONS = YES;
				CLANG_WARN_DIRECT_OBJC_ISA_USAGE = YES_ERROR;
				CLANG_WARN_DOCUMENTATION_COMMENTS = YES;
				CLANG_WARN_EMPTY_BODY = YES;
				CLANG_WARN_ENUM_CONVERSION = YES;
				CLANG_WARN_INFINITE_RECURSION = YES;
				CLANG_WARN_INT_CONVERSION = YES;
				CLANG_WARN_NON_LITERAL_NULL_CONVERSION = YES;
				CLANG_WARN_OBJC_IMPLICIT_RETAIN_SELF = YES;
				CLANG_WARN_OBJC_LITERAL_CONVERSION = YES;
				CLANG_WARN_OBJC_ROOT_CLASS = YES_ERROR;
				CLANG_WARN_QUOTED_INCLUDE_IN_FRAMEWORK_HEADER = YES;
				CLANG_WARN_RANGE_LOOP_ANALYSIS = YES;
				CLANG_WARN_STRICT_PROTOTYPES = YES;
				CLANG_WARN_SUSPICIOUS_MOVE = YES;
				CLANG_WARN_UNGUARDED_AVAILABILITY = YES_AGGRESSIVE;
				CLANG_WARN_UNREACHABLE_CODE = YES;
				CLANG_WARN__DUPLICATE_METHOD_MATCH = YES;
				COPY_PHASE_STRIP = NO;
				DEBUG_INFORMATION_FORMAT = "dwarf-with-dsym";
				ENABLE_NS_ASSERTIONS = NO;
				ENABLE_STRICT_OBJC_MSGSEND = YES;
				GCC_C_LANGUAGE_STANDARD = gnu11;
				GCC_NO_COMMON_BLOCKS = YES;
				GCC_WARN_64_TO_32_BIT_CONVERSION = YES;
				GCC_WARN_ABOUT_RETURN_TYPE = YES_ERROR;
				GCC_WARN_UNDECLARED_SELECTOR = YES;
				GCC_WARN_UNINITIALIZED_AUTOS = YES_AGGRESSIVE;
				GCC_WARN_UNUSED_FUNCTION = YES;
				GCC_WARN_UNUSED_VARIABLE = YES;
				IPHONEOS_DEPLOYMENT_TARGET = 16.1;
				MTL_ENABLE_DEBUG_INFO = NO;
				MTL_FAST_MATH = YES;
				SDKROOT = iphoneos;
				SWIFT_COMPILATION_MODE = wholemodule;
				SWIFT_OPTIMIZATION_LEVEL = "-O";
				VALIDATE_PRODUCT = YES;
			};
			name = Release;
		};
		BF32D3292914BE2C002A31C3 /* Debug */ = {
			isa = XCBuildConfiguration;
			baseConfigurationReference = 105558972938D9D2F279C85C /* Pods-theMovieDB.debug.xcconfig */;
			buildSettings = {
				ASSETCATALOG_COMPILER_APPICON_NAME = AppIcon;
				ASSETCATALOG_COMPILER_GLOBAL_ACCENT_COLOR_NAME = AccentColor;
				CODE_SIGN_STYLE = Automatic;
				CURRENT_PROJECT_VERSION = 1;
				DEVELOPMENT_TEAM = 4N434U49T3;
				GENERATE_INFOPLIST_FILE = YES;
				INFOPLIST_FILE = theMovieDB/Info.plist;
				INFOPLIST_KEY_LSApplicationCategoryType = "public.app-category.entertainment";
				INFOPLIST_KEY_UIApplicationSupportsIndirectInputEvents = YES;
				INFOPLIST_KEY_UILaunchStoryboardName = LaunchScreen;
				INFOPLIST_KEY_UISupportedInterfaceOrientations_iPad = "UIInterfaceOrientationPortrait UIInterfaceOrientationPortraitUpsideDown UIInterfaceOrientationLandscapeLeft UIInterfaceOrientationLandscapeRight";
				INFOPLIST_KEY_UISupportedInterfaceOrientations_iPhone = "UIInterfaceOrientationPortrait UIInterfaceOrientationLandscapeLeft UIInterfaceOrientationLandscapeRight";
				IPHONEOS_DEPLOYMENT_TARGET = 13.6;
				LD_RUNPATH_SEARCH_PATHS = (
					"$(inherited)",
					"@executable_path/Frameworks",
				);
				MARKETING_VERSION = 1.0;
				PRODUCT_BUNDLE_IDENTIFIER = com.salmasalinas.theMovieDB.theMovieDB;
				PRODUCT_NAME = "$(TARGET_NAME)";
				SWIFT_EMIT_LOC_STRINGS = YES;
				SWIFT_VERSION = 5.0;
				TARGETED_DEVICE_FAMILY = "1,2";
			};
			name = Debug;
		};
		BF32D32A2914BE2C002A31C3 /* Release */ = {
			isa = XCBuildConfiguration;
			baseConfigurationReference = D2F0A4C9C0DE8E43E628107E /* Pods-theMovieDB.release.xcconfig */;
			buildSettings = {
				ASSETCATALOG_COMPILER_APPICON_NAME = AppIcon;
				ASSETCATALOG_COMPILER_GLOBAL_ACCENT_COLOR_NAME = AccentColor;
				CODE_SIGN_STYLE = Automatic;
				CURRENT_PROJECT_VERSION = 1;
				DEVELOPMENT_TEAM = 4N434U49T3;
				GENERATE_INFOPLIST_FILE = YES;
				INFOPLIST_FILE = theMovieDB/Info.plist;
				INFOPLIST_KEY_LSApplicationCategoryType = "public.app-category.entertainment";
				INFOPLIST_KEY_UIApplicationSupportsIndirectInputEvents = YES;
				INFOPLIST_KEY_UILaunchStoryboardName = LaunchScreen;
				INFOPLIST_KEY_UISupportedInterfaceOrientations_iPad = "UIInterfaceOrientationPortrait UIInterfaceOrientationPortraitUpsideDown UIInterfaceOrientationLandscapeLeft UIInterfaceOrientationLandscapeRight";
				INFOPLIST_KEY_UISupportedInterfaceOrientations_iPhone = "UIInterfaceOrientationPortrait UIInterfaceOrientationLandscapeLeft UIInterfaceOrientationLandscapeRight";
				IPHONEOS_DEPLOYMENT_TARGET = 13.6;
				LD_RUNPATH_SEARCH_PATHS = (
					"$(inherited)",
					"@executable_path/Frameworks",
				);
				MARKETING_VERSION = 1.0;
				PRODUCT_BUNDLE_IDENTIFIER = com.salmasalinas.theMovieDB.theMovieDB;
				PRODUCT_NAME = "$(TARGET_NAME)";
				SWIFT_EMIT_LOC_STRINGS = YES;
				SWIFT_VERSION = 5.0;
				TARGETED_DEVICE_FAMILY = "1,2";
			};
			name = Release;
		};
/* End XCBuildConfiguration section */

/* Begin XCConfigurationList section */
		BF32D30C2914BE28002A31C3 /* Build configuration list for PBXProject "theMovieDB" */ = {
			isa = XCConfigurationList;
			buildConfigurations = (
				BF32D3262914BE2C002A31C3 /* Debug */,
				BF32D3272914BE2C002A31C3 /* Release */,
			);
			defaultConfigurationIsVisible = 0;
			defaultConfigurationName = Release;
		};
		BF32D3282914BE2C002A31C3 /* Build configuration list for PBXNativeTarget "theMovieDB" */ = {
			isa = XCConfigurationList;
			buildConfigurations = (
				BF32D3292914BE2C002A31C3 /* Debug */,
				BF32D32A2914BE2C002A31C3 /* Release */,
			);
			defaultConfigurationIsVisible = 0;
			defaultConfigurationName = Release;
		};
/* End XCConfigurationList section */

/* Begin XCVersionGroup section */
		BF32D31D2914BE28002A31C3 /* theMovieDB.xcdatamodeld */ = {
			isa = XCVersionGroup;
			children = (
				BF32D31E2914BE28002A31C3 /* theMovieDB.xcdatamodel */,
			);
			currentVersion = BF32D31E2914BE28002A31C3 /* theMovieDB.xcdatamodel */;
			path = theMovieDB.xcdatamodeld;
			sourceTree = "<group>";
			versionGroupType = wrapper.xcdatamodel;
		};
/* End XCVersionGroup section */
	};
	rootObject = BF32D3092914BE28002A31C3 /* Project object */;
}
